
Microsoft Visual Studio Solution File, Format Version 12.00
# Visual Studio Version 17
VisualStudioVersion = 17.4.33110.190
MinimumVisualStudioVersion = 10.0.40219.1
Project("{FAE04EC0-301F-11D3-BF4B-00C04F79EFBC}") = "WebTilausApp", "WebTilausApp\WebTilausApp.csproj", "{45A693C1-0BA0-447B-B92C-87EFBB29B42D}"
EndProject
Global
	GlobalSection(SolutionConfigurationPlatforms) = preSolution
		Debug|Any CPU = Debug|Any CPU
		Release|Any CPU = Release|Any CPU
	EndGlobalSection
	GlobalSection(ProjectConfigurationPlatforms) = postSolution
		{45A693C1-0BA0-447B-B92C-87EFBB29B42D}.Debug|Any CPU.ActiveCfg = Debug|Any CPU
		{45A693C1-0BA0-447B-B92C-87EFBB29B42D}.Debug|Any CPU.Build.0 = Debug|Any CPU
		{45A693C1-0BA0-447B-B92C-87EFBB29B42D}.Release|Any CPU.ActiveCfg = Release|Any CPU
		{45A693C1-0BA0-447B-B92C-87EFBB29B42D}.Release|Any CPU.Build.0 = Release|Any CPU
	EndGlobalSection
	GlobalSection(SolutionProperties) = preSolution
		HideSolutionNode = FALSE
	EndGlobalSection
	GlobalSection(ExtensibilityGlobals) = postSolution
		SolutionGuid = {82ACB32C-54FB-4B46-AC7C-1EB1E9F963EF}
	EndGlobalSection
EndGlobal
